// !$*UTF8*$!
{
	archiveVersion = 1;
	classes = {
	};
	objectVersion = 56;
	objects = {

/* Begin PBXBuildFile section */
		39D758572D61F994002BCB0C /* CoursesView.swift in Sources */ = {isa = PBXBuildFile; fileRef = 39D758562D61F994002BCB0C /* CoursesView.swift */; };
		39F56BCE2D58A75800F0D7C3 /* KathanamApp.swift in Sources */ = {isa = PBXBuildFile; fileRef = 39F56BCD2D58A75800F0D7C3 /* KathanamApp.swift */; };
		39F56BD02D58A75800F0D7C3 /* ContentView.swift in Sources */ = {isa = PBXBuildFile; fileRef = 39F56BCF2D58A75800F0D7C3 /* ContentView.swift */; };
		39F56BD22D58A75900F0D7C3 /* Assets.xcassets in Resources */ = {isa = PBXBuildFile; fileRef = 39F56BD12D58A75900F0D7C3 /* Assets.xcassets */; };
		39F56BD52D58A75900F0D7C3 /* Preview Assets.xcassets in Resources */ = {isa = PBXBuildFile; fileRef = 39F56BD42D58A75900F0D7C3 /* Preview Assets.xcassets */; };
		39F56BDC2D58AE3100F0D7C3 /* LoginRegisterView.swift in Sources */ = {isa = PBXBuildFile; fileRef = 39F56BDB2D58AE3100F0D7C3 /* LoginRegisterView.swift */; };
		39F56BDE2D58B1FC00F0D7C3 /* LoginView.swift in Sources */ = {isa = PBXBuildFile; fileRef = 39F56BDD2D58B1FC00F0D7C3 /* LoginView.swift */; };
		39F56BE02D58B6C400F0D7C3 /* RegisterView.swift in Sources */ = {isa = PBXBuildFile; fileRef = 39F56BDF2D58B6C400F0D7C3 /* RegisterView.swift */; };
		39F56BE22D58BF4200F0D7C3 /* HomeView.swift in Sources */ = {isa = PBXBuildFile; fileRef = 39F56BE12D58BF4200F0D7C3 /* HomeView.swift */; };
		57530C2E2D6F743100DABB9B /* TranslateView.swift in Sources */ = {isa = PBXBuildFile; fileRef = 57530C2D2D6F743100DABB9B /* TranslateView.swift */; };
		57530C312D6F747A00DABB9B /* SignToTextView.swift in Sources */ = {isa = PBXBuildFile; fileRef = 57530C302D6F747A00DABB9B /* SignToTextView.swift */; };
		57530C332D6F749700DABB9B /* CameraHandler.swift in Sources */ = {isa = PBXBuildFile; fileRef = 57530C322D6F749700DABB9B /* CameraHandler.swift */; };
		57530C352D6F74AC00DABB9B /* TextToSpeechView.swift in Sources */ = {isa = PBXBuildFile; fileRef = 57530C342D6F74AC00DABB9B /* TextToSpeechView.swift */; };
		57530C372D6F76E300DABB9B /* CameraPreview.swift in Sources */ = {isa = PBXBuildFile; fileRef = 57530C362D6F76E300DABB9B /* CameraPreview.swift */; };
		57530C392D6F779200DABB9B /* TextToAnimationView.swift in Sources */ = {isa = PBXBuildFile; fileRef = 57530C382D6F779200DABB9B /* TextToAnimationView.swift */; };
		57530C3C2D6F791600DABB9B /* TabBar.swift in Sources */ = {isa = PBXBuildFile; fileRef = 57530C3B2D6F791600DABB9B /* TabBar.swift */; };
		57530C3E2D6F79AE00DABB9B /* MainTabView.swift in Sources */ = {isa = PBXBuildFile; fileRef = 57530C3D2D6F79AE00DABB9B /* MainTabView.swift */; };
		57530C402D6F812E00DABB9B /* ShortsView.swift in Sources */ = {isa = PBXBuildFile; fileRef = 57530C3F2D6F812E00DABB9B /* ShortsView.swift */; };
		57530C422D6F814100DABB9B /* ProfileView.swift in Sources */ = {isa = PBXBuildFile; fileRef = 57530C412D6F814100DABB9B /* ProfileView.swift */; };
/* End PBXBuildFile section */

/* Begin PBXFileReference section */
		39D758562D61F994002BCB0C /* CoursesView.swift */ = {isa = PBXFileReference; lastKnownFileType = sourcecode.swift; path = CoursesView.swift; sourceTree = "<group>"; };
		39F56BCA2D58A75800F0D7C3 /* Kathanam.app */ = {isa = PBXFileReference; explicitFileType = wrapper.application; includeInIndex = 0; path = Kathanam.app; sourceTree = BUILT_PRODUCTS_DIR; };
		39F56BCD2D58A75800F0D7C3 /* KathanamApp.swift */ = {isa = PBXFileReference; lastKnownFileType = sourcecode.swift; path = KathanamApp.swift; sourceTree = "<group>"; };
		39F56BCF2D58A75800F0D7C3 /* ContentView.swift */ = {isa = PBXFileReference; lastKnownFileType = sourcecode.swift; path = ContentView.swift; sourceTree = "<group>"; };
		39F56BD12D58A75900F0D7C3 /* Assets.xcassets */ = {isa = PBXFileReference; lastKnownFileType = folder.assetcatalog; path = Assets.xcassets; sourceTree = "<group>"; };
		39F56BD42D58A75900F0D7C3 /* Preview Assets.xcassets */ = {isa = PBXFileReference; lastKnownFileType = folder.assetcatalog; path = "Preview Assets.xcassets"; sourceTree = "<group>"; };
		39F56BDB2D58AE3100F0D7C3 /* LoginRegisterView.swift */ = {isa = PBXFileReference; lastKnownFileType = sourcecode.swift; path = LoginRegisterView.swift; sourceTree = "<group>"; };
		39F56BDD2D58B1FC00F0D7C3 /* LoginView.swift */ = {isa = PBXFileReference; lastKnownFileType = sourcecode.swift; path = LoginView.swift; sourceTree = "<group>"; };
		39F56BDF2D58B6C400F0D7C3 /* RegisterView.swift */ = {isa = PBXFileReference; lastKnownFileType = sourcecode.swift; path = RegisterView.swift; sourceTree = "<group>"; };
		39F56BE12D58BF4200F0D7C3 /* HomeView.swift */ = {isa = PBXFileReference; lastKnownFileType = sourcecode.swift; path = HomeView.swift; sourceTree = "<group>"; };
		57530C2D2D6F743100DABB9B /* TranslateView.swift */ = {isa = PBXFileReference; lastKnownFileType = sourcecode.swift; path = TranslateView.swift; sourceTree = "<group>"; };
		57530C302D6F747A00DABB9B /* SignToTextView.swift */ = {isa = PBXFileReference; lastKnownFileType = sourcecode.swift; path = SignToTextView.swift; sourceTree = "<group>"; };
		57530C322D6F749700DABB9B /* CameraHandler.swift */ = {isa = PBXFileReference; lastKnownFileType = sourcecode.swift; path = CameraHandler.swift; sourceTree = "<group>"; };
		57530C342D6F74AC00DABB9B /* TextToSpeechView.swift */ = {isa = PBXFileReference; lastKnownFileType = sourcecode.swift; path = TextToSpeechView.swift; sourceTree = "<group>"; };
		57530C362D6F76E300DABB9B /* CameraPreview.swift */ = {isa = PBXFileReference; lastKnownFileType = sourcecode.swift; path = CameraPreview.swift; sourceTree = "<group>"; };
		57530C382D6F779200DABB9B /* TextToAnimationView.swift */ = {isa = PBXFileReference; lastKnownFileType = sourcecode.swift; path = TextToAnimationView.swift; sourceTree = "<group>"; };
		57530C3B2D6F791600DABB9B /* TabBar.swift */ = {isa = PBXFileReference; lastKnownFileType = sourcecode.swift; path = TabBar.swift; sourceTree = "<group>"; };
		57530C3D2D6F79AE00DABB9B /* MainTabView.swift */ = {isa = PBXFileReference; lastKnownFileType = sourcecode.swift; path = MainTabView.swift; sourceTree = "<group>"; };
		57530C3F2D6F812E00DABB9B /* ShortsView.swift */ = {isa = PBXFileReference; lastKnownFileType = sourcecode.swift; path = ShortsView.swift; sourceTree = "<group>"; };
		57530C412D6F814100DABB9B /* ProfileView.swift */ = {isa = PBXFileReference; lastKnownFileType = sourcecode.swift; path = ProfileView.swift; sourceTree = "<group>"; };
/* End PBXFileReference section */

/* Begin PBXFrameworksBuildPhase section */
		39F56BC72D58A75800F0D7C3 /* Frameworks */ = {
			isa = PBXFrameworksBuildPhase;
			buildActionMask = 2147483647;
			files = (
			);
			runOnlyForDeploymentPostprocessing = 0;
		};
/* End PBXFrameworksBuildPhase section */

/* Begin PBXGroup section */
		39F56BC12D58A75800F0D7C3 = {
			isa = PBXGroup;
			children = (
				39F56BCC2D58A75800F0D7C3 /* Kathanam */,
				39F56BCB2D58A75800F0D7C3 /* Products */,
			);
			sourceTree = "<group>";
		};
		39F56BCB2D58A75800F0D7C3 /* Products */ = {
			isa = PBXGroup;
			children = (
				39F56BCA2D58A75800F0D7C3 /* Kathanam.app */,
			);
			name = Products;
			sourceTree = "<group>";
		};
		39F56BCC2D58A75800F0D7C3 /* Kathanam */ = {
			isa = PBXGroup;
			children = (
				57530C2F2D6F745600DABB9B /* Translator */,
				57530C2C2D6F742200DABB9B /* Views */,
				39F56BCD2D58A75800F0D7C3 /* KathanamApp.swift */,
				39F56BCF2D58A75800F0D7C3 /* ContentView.swift */,
				39F56BDB2D58AE3100F0D7C3 /* LoginRegisterView.swift */,
				39F56BDF2D58B6C400F0D7C3 /* RegisterView.swift */,
				39F56BDD2D58B1FC00F0D7C3 /* LoginView.swift */,
				39F56BE12D58BF4200F0D7C3 /* HomeView.swift */,
				39D758562D61F994002BCB0C /* CoursesView.swift */,
				39F56BD12D58A75900F0D7C3 /* Assets.xcassets */,
				39F56BD32D58A75900F0D7C3 /* Preview Content */,
				57530C3B2D6F791600DABB9B /* TabBar.swift */,
				57530C3D2D6F79AE00DABB9B /* MainTabView.swift */,
			);
			path = Kathanam;
			sourceTree = "<group>";
		};
		39F56BD32D58A75900F0D7C3 /* Preview Content */ = {
			isa = PBXGroup;
			children = (
				39F56BD42D58A75900F0D7C3 /* Preview Assets.xcassets */,
			);
			path = "Preview Content";
			sourceTree = "<group>";
		};
		57530C2C2D6F742200DABB9B /* Views */ = {
			isa = PBXGroup;
			children = (
				57530C2D2D6F743100DABB9B /* TranslateView.swift */,
				57530C3F2D6F812E00DABB9B /* ShortsView.swift */,
				57530C412D6F814100DABB9B /* ProfileView.swift */,
			);
			path = Views;
			sourceTree = "<group>";
		};
		57530C2F2D6F745600DABB9B /* Translator */ = {
			isa = PBXGroup;
			children = (
				57530C302D6F747A00DABB9B /* SignToTextView.swift */,
				57530C322D6F749700DABB9B /* CameraHandler.swift */,
				57530C342D6F74AC00DABB9B /* TextToSpeechView.swift */,
				57530C362D6F76E300DABB9B /* CameraPreview.swift */,
				57530C382D6F779200DABB9B /* TextToAnimationView.swift */,
			);
			path = Translator;
			sourceTree = "<group>";
		};
/* End PBXGroup section */

/* Begin PBXNativeTarget section */
		39F56BC92D58A75800F0D7C3 /* Kathanam */ = {
			isa = PBXNativeTarget;
			buildConfigurationList = 39F56BD82D58A75900F0D7C3 /* Build configuration list for PBXNativeTarget "Kathanam" */;
			buildPhases = (
				39F56BC62D58A75800F0D7C3 /* Sources */,
				39F56BC72D58A75800F0D7C3 /* Frameworks */,
				39F56BC82D58A75800F0D7C3 /* Resources */,
			);
			buildRules = (
			);
			dependencies = (
			);
			name = Kathanam;
			productName = Kathanam;
			productReference = 39F56BCA2D58A75800F0D7C3 /* Kathanam.app */;
			productType = "com.apple.product-type.application";
		};
/* End PBXNativeTarget section */

/* Begin PBXProject section */
		39F56BC22D58A75800F0D7C3 /* Project object */ = {
			isa = PBXProject;
			attributes = {
				BuildIndependentTargetsInParallel = 1;
				LastSwiftUpdateCheck = 1540;
				LastUpgradeCheck = 1540;
				TargetAttributes = {
					39F56BC92D58A75800F0D7C3 = {
						CreatedOnToolsVersion = 15.4;
					};
				};
			};
			buildConfigurationList = 39F56BC52D58A75800F0D7C3 /* Build configuration list for PBXProject "Kathanam" */;
			compatibilityVersion = "Xcode 14.0";
			developmentRegion = en;
			hasScannedForEncodings = 0;
			knownRegions = (
				en,
				Base,
			);
			mainGroup = 39F56BC12D58A75800F0D7C3;
			productRefGroup = 39F56BCB2D58A75800F0D7C3 /* Products */;
			projectDirPath = "";
			projectRoot = "";
			targets = (
				39F56BC92D58A75800F0D7C3 /* Kathanam */,
			);
		};
/* End PBXProject section */

/* Begin PBXResourcesBuildPhase section */
		39F56BC82D58A75800F0D7C3 /* Resources */ = {
			isa = PBXResourcesBuildPhase;
			buildActionMask = 2147483647;
			files = (
				39F56BD52D58A75900F0D7C3 /* Preview Assets.xcassets in Resources */,
				39F56BD22D58A75900F0D7C3 /* Assets.xcassets in Resources */,
			);
			runOnlyForDeploymentPostprocessing = 0;
		};
/* End PBXResourcesBuildPhase section */

/* Begin PBXSourcesBuildPhase section */
		39F56BC62D58A75800F0D7C3 /* Sources */ = {
			isa = PBXSourcesBuildPhase;
			buildActionMask = 2147483647;
			files = (
				39F56BD02D58A75800F0D7C3 /* ContentView.swift in Sources */,
				57530C392D6F779200DABB9B /* TextToAnimationView.swift in Sources */,
				57530C332D6F749700DABB9B /* CameraHandler.swift in Sources */,
				39F56BE02D58B6C400F0D7C3 /* RegisterView.swift in Sources */,
				57530C352D6F74AC00DABB9B /* TextToSpeechView.swift in Sources */,
				39F56BDC2D58AE3100F0D7C3 /* LoginRegisterView.swift in Sources */,
				39F56BE22D58BF4200F0D7C3 /* HomeView.swift in Sources */,
				57530C312D6F747A00DABB9B /* SignToTextView.swift in Sources */,
				39F56BDE2D58B1FC00F0D7C3 /* LoginView.swift in Sources */,
				57530C422D6F814100DABB9B /* ProfileView.swift in Sources */,
				57530C402D6F812E00DABB9B /* ShortsView.swift in Sources */,
				39D758572D61F994002BCB0C /* CoursesView.swift in Sources */,
				57530C372D6F76E300DABB9B /* CameraPreview.swift in Sources */,
				39F56BCE2D58A75800F0D7C3 /* KathanamApp.swift in Sources */,
				57530C2E2D6F743100DABB9B /* TranslateView.swift in Sources */,
				57530C3C2D6F791600DABB9B /* TabBar.swift in Sources */,
				57530C3E2D6F79AE00DABB9B /* MainTabView.swift in Sources */,
			);
			runOnlyForDeploymentPostprocessing = 0;
		};
/* End PBXSourcesBuildPhase section */

/* Begin XCBuildConfiguration section */
		39F56BD62D58A75900F0D7C3 /* Debug */ = {
			isa = XCBuildConfiguration;
			buildSettings = {
				ALWAYS_SEARCH_USER_PATHS = NO;
				ASSETCATALOG_COMPILER_GENERATE_SWIFT_ASSET_SYMBOL_EXTENSIONS = YES;
				CLANG_ANALYZER_NONNULL = YES;
				CLANG_ANALYZER_NUMBER_OBJECT_CONVERSION = YES_AGGRESSIVE;
				CLANG_CXX_LANGUAGE_STANDARD = "gnu++20";
				CLANG_ENABLE_MODULES = YES;
				CLANG_ENABLE_OBJC_ARC = YES;
				CLANG_ENABLE_OBJC_WEAK = YES;
				CLANG_WARN_BLOCK_CAPTURE_AUTORELEASING = YES;
				CLANG_WARN_BOOL_CONVERSION = YES;
				CLANG_WARN_COMMA = YES;
				CLANG_WARN_CONSTANT_CONVERSION = YES;
				CLANG_WARN_DEPRECATED_OBJC_IMPLEMENTATIONS = YES;
				CLANG_WARN_DIRECT_OBJC_ISA_USAGE = YES_ERROR;
				CLANG_WARN_DOCUMENTATION_COMMENTS = YES;
				CLANG_WARN_EMPTY_BODY = YES;
				CLANG_WARN_ENUM_CONVERSION = YES;
				CLANG_WARN_INFINITE_RECURSION = YES;
				CLANG_WARN_INT_CONVERSION = YES;
				CLANG_WARN_NON_LITERAL_NULL_CONVERSION = YES;
				CLANG_WARN_OBJC_IMPLICIT_RETAIN_SELF = YES;
				CLANG_WARN_OBJC_LITERAL_CONVERSION = YES;
				CLANG_WARN_OBJC_ROOT_CLASS = YES_ERROR;
				CLANG_WARN_QUOTED_INCLUDE_IN_FRAMEWORK_HEADER = YES;
				CLANG_WARN_RANGE_LOOP_ANALYSIS = YES;
				CLANG_WARN_STRICT_PROTOTYPES = YES;
				CLANG_WARN_SUSPICIOUS_MOVE = YES;
				CLANG_WARN_UNGUARDED_AVAILABILITY = YES_AGGRESSIVE;
				CLANG_WARN_UNREACHABLE_CODE = YES;
				CLANG_WARN__DUPLICATE_METHOD_MATCH = YES;
				COPY_PHASE_STRIP = NO;
				DEBUG_INFORMATION_FORMAT = dwarf;
				ENABLE_STRICT_OBJC_MSGSEND = YES;
				ENABLE_TESTABILITY = YES;
				ENABLE_USER_SCRIPT_SANDBOXING = YES;
				GCC_C_LANGUAGE_STANDARD = gnu17;
				GCC_DYNAMIC_NO_PIC = NO;
				GCC_NO_COMMON_BLOCKS = YES;
				GCC_OPTIMIZATION_LEVEL = 0;
				GCC_PREPROCESSOR_DEFINITIONS = (
					"DEBUG=1",
					"$(inherited)",
				);
				GCC_WARN_64_TO_32_BIT_CONVERSION = YES;
				GCC_WARN_ABOUT_RETURN_TYPE = YES_ERROR;
				GCC_WARN_UNDECLARED_SELECTOR = YES;
				GCC_WARN_UNINITIALIZED_AUTOS = YES_AGGRESSIVE;
				GCC_WARN_UNUSED_FUNCTION = YES;
				GCC_WARN_UNUSED_VARIABLE = YES;
				IPHONEOS_DEPLOYMENT_TARGET = 17.5;
				LOCALIZATION_PREFERS_STRING_CATALOGS = YES;
				MTL_ENABLE_DEBUG_INFO = INCLUDE_SOURCE;
				MTL_FAST_MATH = YES;
				ONLY_ACTIVE_ARCH = YES;
				SDKROOT = iphoneos;
				SWIFT_ACTIVE_COMPILATION_CONDITIONS = "DEBUG $(inherited)";
				SWIFT_OPTIMIZATION_LEVEL = "-Onone";
			};
			name = Debug;
		};
		39F56BD72D58A75900F0D7C3 /* Release */ = {
			isa = XCBuildConfiguration;
			buildSettings = {
				ALWAYS_SEARCH_USER_PATHS = NO;
				ASSETCATALOG_COMPILER_GENERATE_SWIFT_ASSET_SYMBOL_EXTENSIONS = YES;
				CLANG_ANALYZER_NONNULL = YES;
				CLANG_ANALYZER_NUMBER_OBJECT_CONVERSION = YES_AGGRESSIVE;
				CLANG_CXX_LANGUAGE_STANDARD = "gnu++20";
				CLANG_ENABLE_MODULES = YES;
				CLANG_ENABLE_OBJC_ARC = YES;
				CLANG_ENABLE_OBJC_WEAK = YES;
				CLANG_WARN_BLOCK_CAPTURE_AUTORELEASING = YES;
				CLANG_WARN_BOOL_CONVERSION = YES;
				CLANG_WARN_COMMA = YES;
				CLANG_WARN_CONSTANT_CONVERSION = YES;
				CLANG_WARN_DEPRECATED_OBJC_IMPLEMENTATIONS = YES;
				CLANG_WARN_DIRECT_OBJC_ISA_USAGE = YES_ERROR;
				CLANG_WARN_DOCUMENTATION_COMMENTS = YES;
				CLANG_WARN_EMPTY_BODY = YES;
				CLANG_WARN_ENUM_CONVERSION = YES;
				CLANG_WARN_INFINITE_RECURSION = YES;
				CLANG_WARN_INT_CONVERSION = YES;
				CLANG_WARN_NON_LITERAL_NULL_CONVERSION = YES;
				CLANG_WARN_OBJC_IMPLICIT_RETAIN_SELF = YES;
				CLANG_WARN_OBJC_LITERAL_CONVERSION = YES;
				CLANG_WARN_OBJC_ROOT_CLASS = YES_ERROR;
				CLANG_WARN_QUOTED_INCLUDE_IN_FRAMEWORK_HEADER = YES;
				CLANG_WARN_RANGE_LOOP_ANALYSIS = YES;
				CLANG_WARN_STRICT_PROTOTYPES = YES;
				CLANG_WARN_SUSPICIOUS_MOVE = YES;
				CLANG_WARN_UNGUARDED_AVAILABILITY = YES_AGGRESSIVE;
				CLANG_WARN_UNREACHABLE_CODE = YES;
				CLANG_WARN__DUPLICATE_METHOD_MATCH = YES;
				COPY_PHASE_STRIP = NO;
				DEBUG_INFORMATION_FORMAT = "dwarf-with-dsym";
				ENABLE_NS_ASSERTIONS = NO;
				ENABLE_STRICT_OBJC_MSGSEND = YES;
				ENABLE_USER_SCRIPT_SANDBOXING = YES;
				GCC_C_LANGUAGE_STANDARD = gnu17;
				GCC_NO_COMMON_BLOCKS = YES;
				GCC_WARN_64_TO_32_BIT_CONVERSION = YES;
				GCC_WARN_ABOUT_RETURN_TYPE = YES_ERROR;
				GCC_WARN_UNDECLARED_SELECTOR = YES;
				GCC_WARN_UNINITIALIZED_AUTOS = YES_AGGRESSIVE;
				GCC_WARN_UNUSED_FUNCTION = YES;
				GCC_WARN_UNUSED_VARIABLE = YES;
				IPHONEOS_DEPLOYMENT_TARGET = 17.5;
				LOCALIZATION_PREFERS_STRING_CATALOGS = YES;
				MTL_ENABLE_DEBUG_INFO = NO;
				MTL_FAST_MATH = YES;
				SDKROOT = iphoneos;
				SWIFT_COMPILATION_MODE = wholemodule;
				VALIDATE_PRODUCT = YES;
			};
			name = Release;
		};
		39F56BD92D58A75900F0D7C3 /* Debug */ = {
			isa = XCBuildConfiguration;
			buildSettings = {
				ASSETCATALOG_COMPILER_APPICON_NAME = AppIcon;
				ASSETCATALOG_COMPILER_GLOBAL_ACCENT_COLOR_NAME = AccentColor;
				CODE_SIGN_STYLE = Automatic;
				CURRENT_PROJECT_VERSION = 1;
				DEVELOPMENT_ASSET_PATHS = "\"Kathanam/Preview Content\"";
				DEVELOPMENT_TEAM = YFY6QY43LP;
				ENABLE_PREVIEWS = YES;
				GENERATE_INFOPLIST_FILE = YES;
				INFOPLIST_KEY_NSCameraUsageDescription = "We need access to the camera for sign recognition.";
				INFOPLIST_KEY_UIApplicationSceneManifest_Generation = YES;
				INFOPLIST_KEY_UIApplicationSupportsIndirectInputEvents = YES;
				INFOPLIST_KEY_UILaunchScreen_Generation = YES;
				INFOPLIST_KEY_UISupportedInterfaceOrientations_iPad = "UIInterfaceOrientationPortrait UIInterfaceOrientationPortraitUpsideDown UIInterfaceOrientationLandscapeLeft UIInterfaceOrientationLandscapeRight";
				INFOPLIST_KEY_UISupportedInterfaceOrientations_iPhone = "UIInterfaceOrientationPortrait UIInterfaceOrientationLandscapeLeft UIInterfaceOrientationLandscapeRight";
				INFOPLIST_PREPROCESS = YES;
				LD_RUNPATH_SEARCH_PATHS = (
					"$(inherited)",
					"@executable_path/Frameworks",
				);
				MARKETING_VERSION = 1.0;
				PRODUCT_BUNDLE_IDENTIFIER = com.example.Kathanam;
				PRODUCT_NAME = "$(TARGET_NAME)";
				SWIFT_EMIT_LOC_STRINGS = YES;
				SWIFT_VERSION = 5.0;
				TARGETED_DEVICE_FAMILY = "1,2";
			};
			name = Debug;
		};
		39F56BDA2D58A75900F0D7C3 /* Release */ = {
			isa = XCBuildConfiguration;
			buildSettings = {
				ASSETCATALOG_COMPILER_APPICON_NAME = AppIcon;
				ASSETCATALOG_COMPILER_GLOBAL_ACCENT_COLOR_NAME = AccentColor;
				CODE_SIGN_STYLE = Automatic;
				CURRENT_PROJECT_VERSION = 1;
				DEVELOPMENT_ASSET_PATHS = "\"Kathanam/Preview Content\"";
				DEVELOPMENT_TEAM = YFY6QY43LP;
				ENABLE_PREVIEWS = YES;
				GENERATE_INFOPLIST_FILE = YES;
				INFOPLIST_KEY_NSCameraUsageDescription = "We need access to the camera for sign recognition.";
				INFOPLIST_KEY_UIApplicationSceneManifest_Generation = YES;
				INFOPLIST_KEY_UIApplicationSupportsIndirectInputEvents = YES;
				INFOPLIST_KEY_UILaunchScreen_Generation = YES;
				INFOPLIST_KEY_UISupportedInterfaceOrientations_iPad = "UIInterfaceOrientationPortrait UIInterfaceOrientationPortraitUpsideDown UIInterfaceOrientationLandscapeLeft UIInterfaceOrientationLandscapeRight";
				INFOPLIST_KEY_UISupportedInterfaceOrientations_iPhone = "UIInterfaceOrientationPortrait UIInterfaceOrientationLandscapeLeft UIInterfaceOrientationLandscapeRight";
				INFOPLIST_PREPROCESS = YES;
				LD_RUNPATH_SEARCH_PATHS = (
					"$(inherited)",
					"@executable_path/Frameworks",
				);
				MARKETING_VERSION = 1.0;
				PRODUCT_BUNDLE_IDENTIFIER = com.example.Kathanam;
				PRODUCT_NAME = "$(TARGET_NAME)";
				SWIFT_EMIT_LOC_STRINGS = YES;
				SWIFT_VERSION = 5.0;
				TARGETED_DEVICE_FAMILY = "1,2";
			};
			name = Release;
		};
/* End XCBuildConfiguration section */

/* Begin XCConfigurationList section */
		39F56BC52D58A75800F0D7C3 /* Build configuration list for PBXProject "Kathanam" */ = {
			isa = XCConfigurationList;
			buildConfigurations = (
				39F56BD62D58A75900F0D7C3 /* Debug */,
				39F56BD72D58A75900F0D7C3 /* Release */,
			);
			defaultConfigurationIsVisible = 0;
			defaultConfigurationName = Release;
		};
		39F56BD82D58A75900F0D7C3 /* Build configuration list for PBXNativeTarget "Kathanam" */ = {
			isa = XCConfigurationList;
			buildConfigurations = (
				39F56BD92D58A75900F0D7C3 /* Debug */,
				39F56BDA2D58A75900F0D7C3 /* Release */,
			);
			defaultConfigurationIsVisible = 0;
			defaultConfigurationName = Release;
		};
/* End XCConfigurationList section */
	};
	rootObject = 39F56BC22D58A75800F0D7C3 /* Project object */;
}
